
Microsoft Visual Studio Solution File, Format Version 12.00
# Visual Studio 14
VisualStudioVersion = 14.0.25123.0
MinimumVisualStudioVersion = 10.0.40219.1
Project("{2150E333-8FDC-42A3-9474-1A3956D46DE8}") = "src", "src", "{0B43F237-99A0-4038-ACC5-9DCD9F6A1694}"
EndProject
Project("{2150E333-8FDC-42A3-9474-1A3956D46DE8}") = "Solution Items", "Solution Items", "{C9926A2E-4AD2-49C1-9A57-CD1688170EFB}"
	ProjectSection(SolutionItems) = preProject
		global.json = global.json
	EndProjectSection
EndProject
Project("{8BB2217D-0F2D-49D1-97BC-3654ED321F3B}") = "LarchProvisionsWebsite", "src\LarchProvisionsWebsite\LarchProvisionsWebsite.xproj", "{AD29C716-F4C0-43F6-B8A0-BC5A7C5836D1}"
EndProject
Global
	GlobalSection(SolutionConfigurationPlatforms) = preSolution
		Debug|Any CPU = Debug|Any CPU
		Debug|x64 = Debug|x64
		Release|Any CPU = Release|Any CPU
		Release|x64 = Release|x64
	EndGlobalSection
	GlobalSection(ProjectConfigurationPlatforms) = postSolution
		{AD29C716-F4C0-43F6-B8A0-BC5A7C5836D1}.Debug|Any CPU.ActiveCfg = Release|Any CPU
		{AD29C716-F4C0-43F6-B8A0-BC5A7C5836D1}.Debug|Any CPU.Build.0 = Release|Any CPU
		{AD29C716-F4C0-43F6-B8A0-BC5A7C5836D1}.Debug|x64.ActiveCfg = Debug|Any CPU
		{AD29C716-F4C0-43F6-B8A0-BC5A7C5836D1}.Debug|x64.Build.0 = Debug|Any CPU
		{AD29C716-F4C0-43F6-B8A0-BC5A7C5836D1}.Release|Any CPU.ActiveCfg = Release|Any CPU
		{AD29C716-F4C0-43F6-B8A0-BC5A7C5836D1}.Release|Any CPU.Build.0 = Release|Any CPU
		{AD29C716-F4C0-43F6-B8A0-BC5A7C5836D1}.Release|x64.ActiveCfg = Release|Any CPU
		{AD29C716-F4C0-43F6-B8A0-BC5A7C5836D1}.Release|x64.Build.0 = Release|Any CPU
	EndGlobalSection
	GlobalSection(SolutionProperties) = preSolution
		HideSolutionNode = FALSE
	EndGlobalSection
	GlobalSection(NestedProjects) = preSolution
		{AD29C716-F4C0-43F6-B8A0-BC5A7C5836D1} = {0B43F237-99A0-4038-ACC5-9DCD9F6A1694}
	EndGlobalSection
EndGlobal
